
Microsoft Visual Studio Solution File, Format Version 12.00
# Visual Studio Version 16
VisualStudioVersion = 16.0.29519.87
MinimumVisualStudioVersion = 10.0.40219.1
Project("{2150E333-8FDC-42A3-9474-1A3956D46DE8}") = "Services", "Services", "{69716286-964D-45A6-8ECD-F85D9BF89057}"
EndProject
Project("{2150E333-8FDC-42A3-9474-1A3956D46DE8}") = "Catalog", "Catalog", "{E642151B-CEDE-4581-A2D1-902B9BEA8975}"
EndProject
Project("{9A19103F-16F7-4668-BE54-9A1E7A4F7556}") = "Course.Services.Catalog", "Services\Catalog\Course.Services.Catalog\Course.Services.Catalog.csproj", "{CC52DB76-AA1A-48D8-B5FA-ED73314321BD}"
EndProject
Project("{2150E333-8FDC-42A3-9474-1A3956D46DE8}") = "Solution Items", "Solution Items", "{A711C8E4-82F9-424D-9322-AA409CC2B1DB}"
	ProjectSection(SolutionItems) = preProject
		Ports.txt = Ports.txt
	EndProjectSection
EndProject
Project("{2150E333-8FDC-42A3-9474-1A3956D46DE8}") = "Basket", "Basket", "{F76C05FA-8FC0-41BF-AF95-AF263097EDB5}"
EndProject
Project("{9A19103F-16F7-4668-BE54-9A1E7A4F7556}") = "Course.Services.Basket", "Services\Basket\Course.Services.Basket\Course.Services.Basket.csproj", "{A6365C57-75CA-468C-8C62-F1546CEB495F}"
EndProject
Project("{2150E333-8FDC-42A3-9474-1A3956D46DE8}") = "Shared", "Shared", "{F06B52BF-3892-4EA8-B13C-7222CA13D7F9}"
EndProject
Project("{9A19103F-16F7-4668-BE54-9A1E7A4F7556}") = "Course.Shared", "Shared\Course.Shared\Course.Shared.csproj", "{454932DE-F3B0-435C-BFFB-9C7586496F06}"
EndProject
Project("{2150E333-8FDC-42A3-9474-1A3956D46DE8}") = "Discount", "Discount", "{F3545ADA-3F4E-47EB-8EEA-2A4CF97CEB2E}"
EndProject
Project("{9A19103F-16F7-4668-BE54-9A1E7A4F7556}") = "Course.Services.Discount", "Services\Discount\Course.Services.Discount\Course.Services.Discount.csproj", "{2B88C426-A5D1-4FD8-87BF-4099F2912BAD}"
EndProject
Project("{2150E333-8FDC-42A3-9474-1A3956D46DE8}") = "FakePayment", "FakePayment", "{D7515908-6CEE-4C6D-848E-74D21D0EAC39}"
EndProject
Project("{9A19103F-16F7-4668-BE54-9A1E7A4F7556}") = "Course.Services.FakePayment", "Services\FakePayment\Course.Services.FakePayment\Course.Services.FakePayment.csproj", "{D2C906A3-D96C-4931-B8C6-09FF24F33D63}"
EndProject
Project("{2150E333-8FDC-42A3-9474-1A3956D46DE8}") = "PhotoStock", "PhotoStock", "{B2854ED0-3DCC-4781-BE7E-4B23869581AF}"
EndProject
Project("{9A19103F-16F7-4668-BE54-9A1E7A4F7556}") = "Course.Services.PhotoStock", "Services\PhotoStock\Course.Services.PhotoStock\Course.Services.PhotoStock.csproj", "{304716E4-93EF-44D2-8ED0-3AC79AE0FA5D}"
EndProject
Project("{2150E333-8FDC-42A3-9474-1A3956D46DE8}") = "Gateways", "Gateways", "{F8408DED-B57E-4FBF-AEA5-5E2A9E5CB26D}"
EndProject
Project("{9A19103F-16F7-4668-BE54-9A1E7A4F7556}") = "Course.Gateways", "Gateways\Course.Gateways\Course.Gateways.csproj", "{211E6695-1AD0-4540-8CF3-8F186DA0D9E9}"
EndProject
Project("{2150E333-8FDC-42A3-9474-1A3956D46DE8}") = "Order", "Order", "{0A0FB866-ECC2-4377-959A-2028773403C2}"
EndProject
Project("{2150E333-8FDC-42A3-9474-1A3956D46DE8}") = "API", "API", "{48A72275-9B6D-4879-8774-3A25DAAB83CB}"
EndProject
Project("{2150E333-8FDC-42A3-9474-1A3956D46DE8}") = "Application", "Application", "{84E3C873-5163-4B05-B65B-1BE8FD13F747}"
EndProject
Project("{2150E333-8FDC-42A3-9474-1A3956D46DE8}") = "Infrastructure", "Infrastructure", "{8A4FE8FE-2B3A-4DC3-ACC6-B1B4EDF25CAB}"
EndProject
Project("{2150E333-8FDC-42A3-9474-1A3956D46DE8}") = "Domain", "Domain", "{15B7AA5D-A1BF-4814-B185-C8E4C4C54056}"
EndProject
Project("{2150E333-8FDC-42A3-9474-1A3956D46DE8}") = "DomainCore", "DomainCore", "{693CE5E6-52A4-47C8-A2CE-92BA6FED47B2}"
EndProject
Project("{FAE04EC0-301F-11D3-BF4B-00C04F79EFBC}") = "Course.Services.Order.API", "Services\Order\API\Course.Services.Order.API\Course.Services.Order.API.csproj", "{72306B1D-E142-4F00-9F99-7986737A5E31}"
EndProject
Project("{FAE04EC0-301F-11D3-BF4B-00C04F79EFBC}") = "Course.Services.Order.Infrastructure", "Services\Order\Infrastructure\Course.Services.Order.Infrastructure\Course.Services.Order.Infrastructure.csproj", "{9D1B1F93-347C-41CD-B32F-DBF8B23A2011}"
EndProject
Project("{FAE04EC0-301F-11D3-BF4B-00C04F79EFBC}") = "Course.Services.Order.Application", "Services\Order\Application\Course.Services.Order.Application\Course.Services.Order.Application.csproj", "{8533F278-2DB7-4D5A-AA88-9CAF13261B7F}"
EndProject
Project("{FAE04EC0-301F-11D3-BF4B-00C04F79EFBC}") = "Course.Services.Order.DomainCore", "Services\Order\DomainCore\Course.Services.Order.DomainCore\Course.Services.Order.DomainCore.csproj", "{8F65D714-D63C-4ED3-85BD-2FB7261F28ED}"
EndProject
Project("{FAE04EC0-301F-11D3-BF4B-00C04F79EFBC}") = "Course.Services.Order.Domain", "Services\Order\Domain\Course.Services.Order.Domain\Course.Services.Order.Domain.csproj", "{D275523D-F1E7-484B-A622-982F4BC7E21F}"
EndProject
Global
	GlobalSection(SolutionConfigurationPlatforms) = preSolution
		Debug|Any CPU = Debug|Any CPU
		Release|Any CPU = Release|Any CPU
	EndGlobalSection
	GlobalSection(ProjectConfigurationPlatforms) = postSolution
		{CC52DB76-AA1A-48D8-B5FA-ED73314321BD}.Debug|Any CPU.ActiveCfg = Debug|Any CPU
		{CC52DB76-AA1A-48D8-B5FA-ED73314321BD}.Debug|Any CPU.Build.0 = Debug|Any CPU
		{CC52DB76-AA1A-48D8-B5FA-ED73314321BD}.Release|Any CPU.ActiveCfg = Release|Any CPU
		{CC52DB76-AA1A-48D8-B5FA-ED73314321BD}.Release|Any CPU.Build.0 = Release|Any CPU
		{A6365C57-75CA-468C-8C62-F1546CEB495F}.Debug|Any CPU.ActiveCfg = Debug|Any CPU
		{A6365C57-75CA-468C-8C62-F1546CEB495F}.Debug|Any CPU.Build.0 = Debug|Any CPU
		{A6365C57-75CA-468C-8C62-F1546CEB495F}.Release|Any CPU.ActiveCfg = Release|Any CPU
		{A6365C57-75CA-468C-8C62-F1546CEB495F}.Release|Any CPU.Build.0 = Release|Any CPU
		{454932DE-F3B0-435C-BFFB-9C7586496F06}.Debug|Any CPU.ActiveCfg = Debug|Any CPU
		{454932DE-F3B0-435C-BFFB-9C7586496F06}.Debug|Any CPU.Build.0 = Debug|Any CPU
		{454932DE-F3B0-435C-BFFB-9C7586496F06}.Release|Any CPU.ActiveCfg = Release|Any CPU
		{454932DE-F3B0-435C-BFFB-9C7586496F06}.Release|Any CPU.Build.0 = Release|Any CPU
		{2B88C426-A5D1-4FD8-87BF-4099F2912BAD}.Debug|Any CPU.ActiveCfg = Debug|Any CPU
		{2B88C426-A5D1-4FD8-87BF-4099F2912BAD}.Debug|Any CPU.Build.0 = Debug|Any CPU
		{2B88C426-A5D1-4FD8-87BF-4099F2912BAD}.Release|Any CPU.ActiveCfg = Release|Any CPU
		{2B88C426-A5D1-4FD8-87BF-4099F2912BAD}.Release|Any CPU.Build.0 = Release|Any CPU
		{D2C906A3-D96C-4931-B8C6-09FF24F33D63}.Debug|Any CPU.ActiveCfg = Debug|Any CPU
		{D2C906A3-D96C-4931-B8C6-09FF24F33D63}.Debug|Any CPU.Build.0 = Debug|Any CPU
		{D2C906A3-D96C-4931-B8C6-09FF24F33D63}.Release|Any CPU.ActiveCfg = Release|Any CPU
		{D2C906A3-D96C-4931-B8C6-09FF24F33D63}.Release|Any CPU.Build.0 = Release|Any CPU
		{304716E4-93EF-44D2-8ED0-3AC79AE0FA5D}.Debug|Any CPU.ActiveCfg = Debug|Any CPU
		{304716E4-93EF-44D2-8ED0-3AC79AE0FA5D}.Debug|Any CPU.Build.0 = Debug|Any CPU
		{304716E4-93EF-44D2-8ED0-3AC79AE0FA5D}.Release|Any CPU.ActiveCfg = Release|Any CPU
		{304716E4-93EF-44D2-8ED0-3AC79AE0FA5D}.Release|Any CPU.Build.0 = Release|Any CPU
		{211E6695-1AD0-4540-8CF3-8F186DA0D9E9}.Debug|Any CPU.ActiveCfg = Debug|Any CPU
		{211E6695-1AD0-4540-8CF3-8F186DA0D9E9}.Debug|Any CPU.Build.0 = Debug|Any CPU
		{211E6695-1AD0-4540-8CF3-8F186DA0D9E9}.Release|Any CPU.ActiveCfg = Release|Any CPU
		{211E6695-1AD0-4540-8CF3-8F186DA0D9E9}.Release|Any CPU.Build.0 = Release|Any CPU
		{72306B1D-E142-4F00-9F99-7986737A5E31}.Debug|Any CPU.ActiveCfg = Debug|Any CPU
		{72306B1D-E142-4F00-9F99-7986737A5E31}.Debug|Any CPU.Build.0 = Debug|Any CPU
		{72306B1D-E142-4F00-9F99-7986737A5E31}.Release|Any CPU.ActiveCfg = Release|Any CPU
		{72306B1D-E142-4F00-9F99-7986737A5E31}.Release|Any CPU.Build.0 = Release|Any CPU
		{9D1B1F93-347C-41CD-B32F-DBF8B23A2011}.Debug|Any CPU.ActiveCfg = Debug|Any CPU
		{9D1B1F93-347C-41CD-B32F-DBF8B23A2011}.Debug|Any CPU.Build.0 = Debug|Any CPU
		{9D1B1F93-347C-41CD-B32F-DBF8B23A2011}.Release|Any CPU.ActiveCfg = Release|Any CPU
		{9D1B1F93-347C-41CD-B32F-DBF8B23A2011}.Release|Any CPU.Build.0 = Release|Any CPU
		{8533F278-2DB7-4D5A-AA88-9CAF13261B7F}.Debug|Any CPU.ActiveCfg = Debug|Any CPU
		{8533F278-2DB7-4D5A-AA88-9CAF13261B7F}.Debug|Any CPU.Build.0 = Debug|Any CPU
		{8533F278-2DB7-4D5A-AA88-9CAF13261B7F}.Release|Any CPU.ActiveCfg = Release|Any CPU
		{8533F278-2DB7-4D5A-AA88-9CAF13261B7F}.Release|Any CPU.Build.0 = Release|Any CPU
		{8F65D714-D63C-4ED3-85BD-2FB7261F28ED}.Debug|Any CPU.ActiveCfg = Debug|Any CPU
		{8F65D714-D63C-4ED3-85BD-2FB7261F28ED}.Debug|Any CPU.Build.0 = Debug|Any CPU
		{8F65D714-D63C-4ED3-85BD-2FB7261F28ED}.Release|Any CPU.ActiveCfg = Release|Any CPU
		{8F65D714-D63C-4ED3-85BD-2FB7261F28ED}.Release|Any CPU.Build.0 = Release|Any CPU
		{D275523D-F1E7-484B-A622-982F4BC7E21F}.Debug|Any CPU.ActiveCfg = Debug|Any CPU
		{D275523D-F1E7-484B-A622-982F4BC7E21F}.Debug|Any CPU.Build.0 = Debug|Any CPU
		{D275523D-F1E7-484B-A622-982F4BC7E21F}.Release|Any CPU.ActiveCfg = Release|Any CPU
		{D275523D-F1E7-484B-A622-982F4BC7E21F}.Release|Any CPU.Build.0 = Release|Any CPU
	EndGlobalSection
	GlobalSection(SolutionProperties) = preSolution
		HideSolutionNode = FALSE
	EndGlobalSection
	GlobalSection(NestedProjects) = preSolution
		{E642151B-CEDE-4581-A2D1-902B9BEA8975} = {69716286-964D-45A6-8ECD-F85D9BF89057}
		{CC52DB76-AA1A-48D8-B5FA-ED73314321BD} = {E642151B-CEDE-4581-A2D1-902B9BEA8975}
		{F76C05FA-8FC0-41BF-AF95-AF263097EDB5} = {69716286-964D-45A6-8ECD-F85D9BF89057}
		{A6365C57-75CA-468C-8C62-F1546CEB495F} = {F76C05FA-8FC0-41BF-AF95-AF263097EDB5}
		{454932DE-F3B0-435C-BFFB-9C7586496F06} = {F06B52BF-3892-4EA8-B13C-7222CA13D7F9}
		{F3545ADA-3F4E-47EB-8EEA-2A4CF97CEB2E} = {69716286-964D-45A6-8ECD-F85D9BF89057}
		{2B88C426-A5D1-4FD8-87BF-4099F2912BAD} = {F3545ADA-3F4E-47EB-8EEA-2A4CF97CEB2E}
		{D7515908-6CEE-4C6D-848E-74D21D0EAC39} = {69716286-964D-45A6-8ECD-F85D9BF89057}
		{D2C906A3-D96C-4931-B8C6-09FF24F33D63} = {D7515908-6CEE-4C6D-848E-74D21D0EAC39}
		{B2854ED0-3DCC-4781-BE7E-4B23869581AF} = {69716286-964D-45A6-8ECD-F85D9BF89057}
		{304716E4-93EF-44D2-8ED0-3AC79AE0FA5D} = {B2854ED0-3DCC-4781-BE7E-4B23869581AF}
		{211E6695-1AD0-4540-8CF3-8F186DA0D9E9} = {F8408DED-B57E-4FBF-AEA5-5E2A9E5CB26D}
		{0A0FB866-ECC2-4377-959A-2028773403C2} = {69716286-964D-45A6-8ECD-F85D9BF89057}
		{48A72275-9B6D-4879-8774-3A25DAAB83CB} = {0A0FB866-ECC2-4377-959A-2028773403C2}
		{84E3C873-5163-4B05-B65B-1BE8FD13F747} = {0A0FB866-ECC2-4377-959A-2028773403C2}
		{8A4FE8FE-2B3A-4DC3-ACC6-B1B4EDF25CAB} = {0A0FB866-ECC2-4377-959A-2028773403C2}
		{15B7AA5D-A1BF-4814-B185-C8E4C4C54056} = {0A0FB866-ECC2-4377-959A-2028773403C2}
		{693CE5E6-52A4-47C8-A2CE-92BA6FED47B2} = {0A0FB866-ECC2-4377-959A-2028773403C2}
		{72306B1D-E142-4F00-9F99-7986737A5E31} = {48A72275-9B6D-4879-8774-3A25DAAB83CB}
		{9D1B1F93-347C-41CD-B32F-DBF8B23A2011} = {8A4FE8FE-2B3A-4DC3-ACC6-B1B4EDF25CAB}
		{8533F278-2DB7-4D5A-AA88-9CAF13261B7F} = {84E3C873-5163-4B05-B65B-1BE8FD13F747}
		{8F65D714-D63C-4ED3-85BD-2FB7261F28ED} = {693CE5E6-52A4-47C8-A2CE-92BA6FED47B2}
		{D275523D-F1E7-484B-A622-982F4BC7E21F} = {15B7AA5D-A1BF-4814-B185-C8E4C4C54056}
	EndGlobalSection
	GlobalSection(ExtensibilityGlobals) = postSolution
		SolutionGuid = {D9406C90-511B-4162-8BD5-E5A77F70C88B}
	EndGlobalSection
EndGlobal
